
Microsoft Visual Studio Solution File, Format Version 12.00
# Visual Studio Version 16
VisualStudioVersion = 16.0.30907.101
MinimumVisualStudioVersion = 10.0.40219.1
Project("{9A19103F-16F7-4668-BE54-9A1E7A4F7556}") = "NET5ContainerImage", "NET5ContainerImage\NET5ContainerImage.csproj", "{82A403BE-264E-462B-ABCF-F596665E21FA}"
EndProject
Project("{9A19103F-16F7-4668-BE54-9A1E7A4F7556}") = "NETCore31ContainerImage", "NETCore31ContainerImage\NETCore31ContainerImage.csproj", "{137A6902-47FD-4429-98ED-D2614CF063B6}"
EndProject
Project("{9A19103F-16F7-4668-BE54-9A1E7A4F7556}") = "NETCore31Function", "NETCore31Function\NETCore31Function.csproj", "{053B6C4B-19EB-4723-B752-288FE52042A5}"
EndProject
Global
	GlobalSection(SolutionConfigurationPlatforms) = preSolution
		Debug|Any CPU = Debug|Any CPU
		Release|Any CPU = Release|Any CPU
	EndGlobalSection
	GlobalSection(ProjectConfigurationPlatforms) = postSolution
		{82A403BE-264E-462B-ABCF-F596665E21FA}.Debug|Any CPU.ActiveCfg = Debug|Any CPU
		{82A403BE-264E-462B-ABCF-F596665E21FA}.Debug|Any CPU.Build.0 = Debug|Any CPU
		{82A403BE-264E-462B-ABCF-F596665E21FA}.Release|Any CPU.ActiveCfg = Release|Any CPU
		{82A403BE-264E-462B-ABCF-F596665E21FA}.Release|Any CPU.Build.0 = Release|Any CPU
		{137A6902-47FD-4429-98ED-D2614CF063B6}.Debug|Any CPU.ActiveCfg = Debug|Any CPU
		{137A6902-47FD-4429-98ED-D2614CF063B6}.Debug|Any CPU.Build.0 = Debug|Any CPU
		{137A6902-47FD-4429-98ED-D2614CF063B6}.Release|Any CPU.ActiveCfg = Release|Any CPU
		{137A6902-47FD-4429-98ED-D2614CF063B6}.Release|Any CPU.Build.0 = Release|Any CPU
		{053B6C4B-19EB-4723-B752-288FE52042A5}.Debug|Any CPU.ActiveCfg = Debug|Any CPU
		{053B6C4B-19EB-4723-B752-288FE52042A5}.Debug|Any CPU.Build.0 = Debug|Any CPU
		{053B6C4B-19EB-4723-B752-288FE52042A5}.Release|Any CPU.ActiveCfg = Release|Any CPU
		{053B6C4B-19EB-4723-B752-288FE52042A5}.Release|Any CPU.Build.0 = Release|Any CPU
	EndGlobalSection
	GlobalSection(SolutionProperties) = preSolution
		HideSolutionNode = FALSE
	EndGlobalSection
	GlobalSection(ExtensibilityGlobals) = postSolution
		SolutionGuid = {1DA81C0B-09B4-4164-8F6A-F9980A18EAA7}
	EndGlobalSection
EndGlobal
